name: bioinfo
channels:
  - conda-forge
  - bioconda
dependencies:
  - _openmp_mutex=4.5=2_gnu
  - alsa-lib=1.2.14=h86ecc28_0
  - brotli=1.2.0=hd651790_1
  - brotli-bin=1.2.0=he30d5cf_1
  - bzip2=1.0.8=h4777abc_8
  - ca-certificates=2025.11.12=hbd8a1cb_0
  - cairo=1.18.4=h83712da_0
  - coin-or-cbc=2.10.12=h3e6914b_4
  - coin-or-cgl=0.60.9=h082c6d9_6
  - coin-or-clp=1.17.10=h1805f0b_3
  - coin-or-osi=0.108.11=h42e9861_8
  - coin-or-utils=2.11.12=h6d11b10_7
  - contourpy=1.3.3=py312h4f740d2_3
  - cycler=0.12.1=pyhd8ed1ab_1
  - cyrus-sasl=2.1.28=h6c5dea3_0
  - dbus=1.13.6=h12b9eeb_3
  - double-conversion=3.3.1=h5ad3122_0
  - eigen=3.4.0=hdc560ac_1
  - expat=2.7.3=hfae3067_0
  - font-ttf-dejavu-sans-mono=2.37=hab24e00_0
  - font-ttf-inconsolata=3.000=h77eed37_0
  - font-ttf-source-code-pro=2.038=h77eed37_0
  - font-ttf-ubuntu=0.83=h77eed37_3
  - fontconfig=2.15.0=h8dda3cd_1
  - fonts-conda-ecosystem=1=0
  - fonts-conda-forge=1=hc364b38_1
  - fonttools=4.61.0=py312ha4530ae_0
  - freetype=2.14.1=h8af1aa0_0
  - graphite2=1.3.14=hfae3067_2
  - harfbuzz=11.0.0=hb5e3f52_0
  - icu=75.1=hf9b3779_0
  - keyutils=1.6.3=h86ecc28_0
  - kiwisolver=1.4.9=py312h1683e8e_2
  - krb5=1.21.3=h50a48e9_0
  - lcms2=2.17=hc88f144_0
  - ld_impl_linux-aarch64=2.45=default_h1979696_104
  - lerc=4.0.0=hfdc4d58_1
  - libblas=3.11.0=2_haddc8a3_openblas
  - libbrotlicommon=1.2.0=he30d5cf_1
  - libbrotlidec=1.2.0=he30d5cf_1
  - libbrotlienc=1.2.0=he30d5cf_1
  - libcblas=3.11.0=2_hd72aa62_openblas
  - libclang-cpp19.1=19.1.7=default_he95a3c9_5
  - libclang13=21.1.0=default_h94a09a5_1
  - libcups=2.3.3=h5cdc715_5
  - libdeflate=1.25=h1af38f5_0
  - libdrm=2.4.125=he30d5cf_1
  - libedit=3.1.20250104=pl5321h976ea20_0
  - libegl=1.7.0=hd24410f_2
  - libexpat=2.7.3=hfae3067_0
  - libffi=3.5.2=hd65408f_0
  - libfreetype=2.14.1=h8af1aa0_0
  - libfreetype6=2.14.1=hdae7a39_0
  - libgcc=15.2.0=h8acb6b2_14
  - libgcc-ng=15.2.0=he9431aa_14
  - libgfortran=15.2.0=he9431aa_14
  - libgfortran5=15.2.0=h1b7bec0_14
  - libgl=1.7.0=hd24410f_2
  - libglib=2.84.0=hc486b8e_0
  - libglvnd=1.7.0=hd24410f_2
  - libglx=1.7.0=hd24410f_2
  - libgomp=15.2.0=h8acb6b2_14
  - libiconv=1.18=h90929bb_2
  - libjpeg-turbo=3.1.2=he30d5cf_0
  - liblapack=3.11.0=2_h88aeb00_openblas
  - liblapacke=3.11.0=2_hb558247_openblas
  - libllvm19=19.1.7=h2edbd07_1
  - libllvm21=21.1.0=h2b567e5_0
  - liblzma=5.8.1=h86ecc28_2
  - libnsl=2.0.1=h86ecc28_1
  - libntlm=1.4=hf897c2e_1002
  - libopenblas=0.3.30=pthreads_h9d3fd7e_4
  - libopenms=3.4.1=h80c9f57_1
  - libpciaccess=0.18=h86ecc28_0
  - libpng=1.6.51=h1abf092_0
  - libpq=17.7=haf03d9f_1
  - libsqlite=3.51.1=h022381a_0
  - libstdcxx=15.2.0=hef695bb_14
  - libstdcxx-ng=15.2.0=hdbbeba8_14
  - libsvm=336=hdf41e35_0
  - libtiff=4.7.1=hdb009f0_1
  - libuuid=2.41.2=h3e4203c_0
  - libwebp-base=1.6.0=ha2e29f5_0
  - libxcb=1.17.0=h262b8f6_0
  - libxcrypt=4.4.36=h31becfc_1
  - libxkbcommon=1.11.0=h95ca766_0
  - libxml2=2.13.9=he58860d_0
  - libxslt=1.1.43=h4552c8e_0
  - libzlib=1.3.1=h86ecc28_2
  - matplotlib-base=3.10.8=py312h9d0c5ba_0
  - munkres=1.1.4=pyhd8ed1ab_1
  - mysql-common=9.0.1=h3f5c77f_6
  - mysql-libs=9.0.1=h11569fd_6
  - ncurses=6.5=ha32ae93_3
  - numpy=2.3.5=py312h6615c27_0
  - openjpeg=2.5.4=h5da879a_0
  - openldap=2.6.10=h30c48ee_0
  - openssl=3.6.0=h8e36d6e_0
  - packaging=25.0=pyh29332c3_1
  - pandas=2.3.3=py312hdc0efb6_1
  - pcre2=10.44=hf4ec17f_2
  - pillow=12.0.0=py312h3b21937_2
  - pip=25.3=pyh8b19718_0
  - pixman=0.46.4=h7ac5ae9_1
  - pthread-stubs=0.4=h86ecc28_1002
  - pyopenms=3.4.1=py312hac14b64_2
  - pyparsing=3.2.5=pyhcf101f3_0
  - pyteomics=4.7.5=pyh29332c3_0
  - python=3.12.12=h91f4b29_1_cpython
  - python-dateutil=2.9.0.post0=pyhe01879c_2
  - python-tzdata=2025.2=pyhd8ed1ab_0
  - python_abi=3.12=8_cp312
  - pytz=2025.2=pyhd8ed1ab_0
  - qhull=2020.2=h70be974_5
  - qt6-main=6.7.3=h666f7c6_1
  - readline=8.2=h8382b9d_2
  - setuptools=80.9.0=pyhff2d567_0
  - six=1.17.0=pyhe01879c_1
  - tk=8.6.13=noxft_h561c983_103
  - tzdata=2025b=h78e105d_0
  - unicodedata2=17.0.0=py312hcd1a082_1
  - wayland=1.24.0=h4f8a99f_1
  - wheel=0.45.1=pyhd8ed1ab_1
  - xcb-util=0.4.1=hca56bd8_2
  - xcb-util-cursor=0.1.6=he30d5cf_0
  - xcb-util-image=0.4.0=h5c728e9_2
  - xcb-util-keysyms=0.4.1=h5c728e9_0
  - xcb-util-renderutil=0.3.10=h5c728e9_0
  - xcb-util-wm=0.4.2=h5c728e9_0
  - xerces-c=3.2.5=h595f43b_2
  - xkeyboard-config=2.46=he30d5cf_0
  - xorg-libice=1.1.2=h86ecc28_0
  - xorg-libsm=1.2.6=h0808dbd_0
  - xorg-libx11=1.8.12=hca56bd8_0
  - xorg-libxau=1.0.12=he30d5cf_1
  - xorg-libxcomposite=0.4.6=h86ecc28_2
  - xorg-libxcursor=1.2.3=h86ecc28_0
  - xorg-libxdamage=1.1.6=h86ecc28_0
  - xorg-libxdmcp=1.1.5=he30d5cf_1
  - xorg-libxext=1.3.6=h57736b2_0
  - xorg-libxfixes=6.0.2=he30d5cf_0
  - xorg-libxi=1.8.2=h57736b2_0
  - xorg-libxrandr=1.5.4=h86ecc28_0
  - xorg-libxrender=0.9.12=h86ecc28_0
  - xorg-libxtst=1.2.5=h57736b2_3
  - xorg-libxxf86vm=1.1.6=h86ecc28_0
  - yaml-cpp=0.8.0=h5ad3122_0
  - zlib-ng=2.3.1=h92288e7_0
  - zstd=1.5.7=hbcf94c1_2
  - pip:
      - adjusttext==1.3.0
      - alabaster==1.0.0
      - altair==5.5.0
      - anndata==0.12.6
      - annotated-types==0.7.0
      - anyio==4.11.0
      - anywidget==0.9.21
      - appdirs==1.4.4
      - argon2-cffi==25.1.0
      - argon2-cffi-bindings==25.1.0
      - array-api-compat==1.12.0
      - arrow==1.4.0
      - astor==0.8.1
      - asttokens==3.0.1
      - async-lru==2.0.5
      - atpublic==6.0.2
      - attrs==25.4.0
      - babel==2.17.0
      - backoff==2.2.1
      - beautifulsoup4==4.14.2
      - bioinfokit==2.1.4
      - biopython==1.86
      - bioservices==1.12.1
      - black==25.11.0
      - bleach==6.3.0
      - blinker==1.9.0
      - blosc2==3.11.1
      - bottleneck==1.6.0
      - cachetools==6.2.2
      - cattrs==25.3.0
      - certifi==2025.11.12
      - cffi==2.0.0
      - chardet==5.2.0
      - charset-normalizer==3.4.4
      - click==8.3.1
      - colorama==0.4.6
      - colorlog==6.10.1
      - comm==0.2.3
      - dateutils==0.6.12
      - debugpy==1.8.17
      - decorator==5.2.1
      - defusedxml==0.7.1
      - distlib==0.4.0
      - docutils==0.21.2
      - donfig==0.8.1.post1
      - duckdb==1.4.2
      - easydev==0.13.3
      - et-xmlfile==2.0.0
      - executing==2.2.1
      - fastcluster==1.3.0
      - fastjsonschema==2.21.2
      - filelock==3.20.0
      - fqdn==1.5.1
      - fsspec==2025.10.0
      - gevent==25.9.1
      - gitdb==4.0.12
      - gitpython==3.1.45
      - google-crc32c==1.7.1
      - greenlet==3.2.4
      - grequests==0.7.0
      - gw-dsl-parser==0.1.49.1
      - h11==0.16.0
      - h5py==3.15.1
      - httpcore==1.0.9
      - httpx==0.28.1
      - ibis-framework==11.0.0
      - idna==3.11
      - igraph==1.0.0
      - imagesize==1.4.1
      - importlib-resources==6.5.2
      - inflect==7.5.0
      - iniconfig==2.3.0
      - ipykernel==7.1.0
      - ipylab==1.0.0
      - ipympl==0.9.8
      - ipython==9.7.0
      - ipython-pygments-lexers==1.1.1
      - ipywidgets==8.1.8
      - isoduration==20.11.0
      - japanize-matplotlib==1.1.3
      - jedi==0.19.2
      - jinja2==3.1.6
      - joblib==1.5.2
      - json5==0.12.1
      - jsonpointer==3.0.0
      - jsonschema==4.25.1
      - jsonschema-specifications==2025.9.1
      - jupyter-client==8.6.3
      - jupyter-core==5.9.1
      - jupyter-events==0.12.0
      - jupyter-lsp==2.3.0
      - jupyter-server==2.17.0
      - jupyter-server-terminals==0.5.3
      - jupyterlab==4.5.0
      - jupyterlab-pygments==0.3.0
      - jupyterlab-server==2.28.0
      - jupyterlab-widgets==3.0.16
      - kanaries-track==0.0.5
      - lark==1.3.1
      - legacy-api-wrap==1.5
      - leidenalg==0.11.0
      - librt==0.6.2
      - line-profiler==4.2.0
      - llvmlite==0.45.1
      - lxml==5.4.0
      - markdown-it-py==4.0.0
      - markupsafe==3.0.3
      - matplotlib-inline==0.2.1
      - matplotlib-venn==1.1.2
      - mdurl==0.1.2
      - memory-profiler==0.61.0
      - mistune==3.1.4
      - monotonic==1.6
      - more-itertools==10.8.0
      - mpmath==1.3.0
      - msgpack==1.1.2
      - mypy==1.19.0
      - mypy-extensions==1.1.0
      - narwhals==2.12.0
      - natsort==8.4.0
      - nbclient==0.10.2
      - nbconvert==7.16.6
      - nbformat==5.10.4
      - ndindex==1.10.1
      - nest-asyncio==1.6.0
      - networkx==3.6
      - notebook-shim==0.2.4
      - numba==0.62.1
      - numcodecs==0.16.5
      - numexpr==2.14.1
      - odfpy==1.4.1
      - openpyxl==3.1.5
      - pandocfilters==1.5.1
      - parso==0.8.5
      - parsy==2.2
      - pathspec==0.12.1
      - patsy==1.0.2
      - pexpect==4.9.0
      - platformdirs==4.5.0
      - pluggy==1.6.0
      - polars==1.35.2
      - polars-lts-cpu==1.33.1
      - polars-runtime-32==1.35.2
      - prometheus-client==0.23.1
      - prompt-toolkit==3.0.52
      - protobuf==6.33.1
      - psutil==7.1.3
      - psycopg==3.2.13
      - psycopg-binary==3.2.13
      - psygnal==0.15.0
      - ptyprocess==0.7.0
      - pure-eval==0.2.3
      - py-cpuinfo==9.0.0
      - pyarrow==21.0.0
      - pyarrow-hotfix==0.7
      - pycparser==2.23
      - pydantic==2.12.5
      - pydantic-core==2.41.5
      - pydeck==0.9.1
      - pygments==2.19.2
      - pygwalker==0.4.9.15
      - pynndescent==0.5.13
      - pyproject-api==1.10.0
      - pytest==9.0.1
      - pytest-snapshot==0.9.0
      - pytest-structlog==1.2
      - python-calamine==0.6.1
      - python-dotenv==1.2.1
      - python-json-logger==4.0.0
      - pytokens==0.3.0
      - pyxlsb==1.0.10
      - pyyaml==6.0.3
      - pyzmq==27.1.0
      - quickjs==1.19.4
      - rdkit==2025.9.1
      - referencing==0.37.0
      - requests==2.32.5
      - requests-cache==1.2.1
      - rfc3339-validator==0.1.4
      - rfc3986-validator==0.1.1
      - rfc3987-syntax==1.1.0
      - rich==14.2.0
      - rich-click==1.9.4
      - roman-numerals-py==3.1.0
      - rpds-py==0.29.0
      - ruff==0.14.7
      - scanpy==1.11.5
      - scikit-learn==1.7.2
      - scipy==1.16.3
      - seaborn==0.13.2
      - segment-analytics-python==2.2.3
      - send2trash==1.8.3
      - session-info2==0.2.3
      - smmap==5.0.2
      - sniffio==1.3.1
      - snowballstemmer==3.0.1
      - soupsieve==2.8
      - sphinx==8.2.3
      - sphinx-rtd-theme==3.0.2
      - sphinxcontrib-applehelp==2.0.0
      - sphinxcontrib-devhelp==2.0.0
      - sphinxcontrib-htmlhelp==2.1.0
      - sphinxcontrib-jquery==4.1
      - sphinxcontrib-jsmath==1.0.1
      - sphinxcontrib-qthelp==2.0.0
      - sphinxcontrib-serializinghtml==2.0.0
      - sqlacodegen==3.1.1
      - sqlalchemy==2.0.41
      - sqlglot==28.0.0
      - stack-data==0.6.3
      - statannotations==0.7.2
      - statsmodels==0.14.5
      - streamlit==1.51.0
      - structlog==25.5.0
      - suds-community==1.2.0
      - sympy==1.14.0
      - tables==3.10.2
      - tabulate==0.9.0
      - tenacity==9.1.2
      - terminado==0.18.1
      - texttable==1.7.0
      - textwrap3==0.9.2
      - threadpoolctl==3.6.0
      - tinycss2==1.4.0
      - toml==0.10.2
      - toolz==1.1.0
      - torch==2.9.1
      - tornado==6.5.2
      - tox==4.32.0
      - tqdm==4.67.1
      - traitlets==5.14.3
      - typeguard==4.4.4
      - typing-extensions==4.15.0
      - typing-inspection==0.4.2
      - umap-learn==0.5.9.post2
      - uri-template==1.3.0
      - url-normalize==2.2.1
      - urllib3==2.5.0
      - virtualenv==20.35.4
      - wasmtime==39.0.0
      - watchdog==6.0.0
      - wcwidth==0.2.14
      - webcolors==25.10.0
      - webencodings==0.5.1
      - websocket-client==1.9.0
      - widgetsnbextension==4.0.15
      - wrapt==1.17.3
      - xarray==2025.11.0
      - xlrd==2.0.2
      - xlsxwriter==3.2.9
      - xmltodict==0.14.2
      - zarr==3.1.5
      - zope-event==6.1
      - zope-interface==8.1.1
prefix: /opt/conda/envs/bioinfo
